
Microsoft Visual Studio Solution File, Format Version 12.00
# Visual Studio Version 17
VisualStudioVersion = 17.11.35208.52
MinimumVisualStudioVersion = 10.0.40219.1
Project("{9A19103F-16F7-4668-BE54-9A1E7A4F7556}") = "backend-shop", "backend-shop\backend-shop.csproj", "{66CC3ECA-2C5D-48A3-8418-75BA82565E66}"
EndProject
Project("{2150E333-8FDC-42A3-9474-1A3956D46DE8}") = "RHNugets", "RHNugets", "{97C7CD0C-457F-4439-B1CE-0A524B391FBC}"
EndProject
Project("{9A19103F-16F7-4668-BE54-9A1E7A4F7556}") = "RFAuth", "..\rh-nugets\RFAuth\RFAuth.csproj", "{763441AF-4A52-478A-899F-DD619707FA2E}"
EndProject
Project("{9A19103F-16F7-4668-BE54-9A1E7A4F7556}") = "RFAuthDapper", "..\rh-nugets\RFAuthDapper\RFAuthDapper.csproj", "{ED7355D6-B524-4833-8623-03BDAE3EC904}"
EndProject
Project("{9A19103F-16F7-4668-BE54-9A1E7A4F7556}") = "RFDapper", "..\rh-nugets\RFDapper\RFDapper.csproj", "{1494E24F-684A-450D-AC58-5931DF30696A}"
EndProject
Project("{9A19103F-16F7-4668-BE54-9A1E7A4F7556}") = "RFHttpAction", "..\rh-nugets\RFHttpAction\RFHttpAction.csproj", "{9754191F-58AF-47D7-8289-F4AD8C013C1B}"
EndProject
Project("{9A19103F-16F7-4668-BE54-9A1E7A4F7556}") = "RFHttpActionDapper", "..\rh-nugets\RFHttpActionDapper\RFHttpActionDapper.csproj", "{ABAAF539-122B-4930-A6DE-DC42DF031225}"
EndProject
Project("{9A19103F-16F7-4668-BE54-9A1E7A4F7556}") = "RFRegister", "..\rh-nugets\RFRegister\RFRegister.csproj", "{ACA6089D-A49F-4629-AB0A-C1107E60EFDF}"
EndProject
Project("{9A19103F-16F7-4668-BE54-9A1E7A4F7556}") = "RFService", "..\rh-nugets\RFService\RFService.csproj", "{CCCA1F5C-8BDB-487B-B21D-7E08D1D3B922}"
EndProject
Project("{9A19103F-16F7-4668-BE54-9A1E7A4F7556}") = "RFUserEmail", "..\rh-nugets\RFUserEmail\RFUserEmail.csproj", "{3AACBD64-ED6F-4BDE-9DC2-D60603F37E2F}"
EndProject
Project("{9A19103F-16F7-4668-BE54-9A1E7A4F7556}") = "RFUserEmailDapper", "..\rh-nugets\RFUserEmailDapper\RFUserEmailDapper.csproj", "{625FC4B0-C8B3-465B-A08A-D0F7282D1C20}"
EndProject
Project("{9A19103F-16F7-4668-BE54-9A1E7A4F7556}") = "RFRBAC", "..\rh-nugets\RFRBAC\RFRBAC.csproj", "{31711B60-63CE-49E0-9A28-AA40FB1EC318}"
EndProject
Project("{9A19103F-16F7-4668-BE54-9A1E7A4F7556}") = "RFHttpExceptions", "..\rh-nugets\RFHttpExceptions\RFHttpExceptions.csproj", "{AC58505B-BD8B-47C1-AB4F-7D19754C9FE5}"
EndProject
Project("{9A19103F-16F7-4668-BE54-9A1E7A4F7556}") = "RFUserEmailVerified", "..\rh-nugets\RFUserEmailVerified\RFUserEmailVerified.csproj", "{AD0C95D9-ED2C-4CA6-B166-8D6721EA4799}"
EndProject
Project("{9A19103F-16F7-4668-BE54-9A1E7A4F7556}") = "RFUserEmailVerifiedDapper", "..\rh-nugets\RFUserEmailVerifiedDapper\RFUserEmailVerifiedDapper.csproj", "{B41908D8-006F-4570-92D9-3DF422F650C8}"
EndProject
Project("{FAE04EC0-301F-11D3-BF4B-00C04F79EFBC}") = "RFDapperDriverSQLServer", "..\rh-nugets\RFDapperDriverSQLServer\RFDapperDriverSQLServer.csproj", "{53DC4E28-E05B-4FA3-942E-941EEB6EEC26}"
EndProject
Project("{FAE04EC0-301F-11D3-BF4B-00C04F79EFBC}") = "RFRBACDapper", "..\rh-nugets\RFRBACDapper\RFRBACDapper.csproj", "{F6FB3B37-D03B-41FE-821A-129753498BFB}"
EndProject
Project("{FAE04EC0-301F-11D3-BF4B-00C04F79EFBC}") = "RFOperators", "..\rh-nugets\RFOperators\RFOperators.csproj", "{0CD71A15-60BA-41A8-971E-4D3AADA8284E}"
EndProject
Project("{FAE04EC0-301F-11D3-BF4B-00C04F79EFBC}") = "RFHttpExceptionsL10n", "..\rh-nugets\RFHttpExceptionsL10n\RFHttpExceptionsL10n.csproj", "{CD88AF85-F4B8-5BFD-E6B9-A239C6D2A4B5}"
EndProject
Project("{FAE04EC0-301F-11D3-BF4B-00C04F79EFBC}") = "RFL10n", "..\rh-nugets\RFL10n\RFL10n.csproj", "{5A284B87-2454-4D8F-93F6-4702A347DE98}"
EndProject
Project("{FAE04EC0-301F-11D3-BF4B-00C04F79EFBC}") = "RFLogger", "..\rh-nugets\RFLogger\RFLogger.csproj", "{50A64A00-CF54-D2C1-2FCB-CD96668A27DD}"
EndProject
Global
	GlobalSection(SolutionConfigurationPlatforms) = preSolution
		Debug|Any CPU = Debug|Any CPU
		Release|Any CPU = Release|Any CPU
	EndGlobalSection
	GlobalSection(ProjectConfigurationPlatforms) = postSolution
		{66CC3ECA-2C5D-48A3-8418-75BA82565E66}.Debug|Any CPU.ActiveCfg = Debug|Any CPU
		{66CC3ECA-2C5D-48A3-8418-75BA82565E66}.Debug|Any CPU.Build.0 = Debug|Any CPU
		{66CC3ECA-2C5D-48A3-8418-75BA82565E66}.Release|Any CPU.ActiveCfg = Release|Any CPU
		{66CC3ECA-2C5D-48A3-8418-75BA82565E66}.Release|Any CPU.Build.0 = Release|Any CPU
		{763441AF-4A52-478A-899F-DD619707FA2E}.Debug|Any CPU.ActiveCfg = Debug|Any CPU
		{763441AF-4A52-478A-899F-DD619707FA2E}.Debug|Any CPU.Build.0 = Debug|Any CPU
		{763441AF-4A52-478A-899F-DD619707FA2E}.Release|Any CPU.ActiveCfg = Release|Any CPU
		{763441AF-4A52-478A-899F-DD619707FA2E}.Release|Any CPU.Build.0 = Release|Any CPU
		{ED7355D6-B524-4833-8623-03BDAE3EC904}.Debug|Any CPU.ActiveCfg = Debug|Any CPU
		{ED7355D6-B524-4833-8623-03BDAE3EC904}.Debug|Any CPU.Build.0 = Debug|Any CPU
		{ED7355D6-B524-4833-8623-03BDAE3EC904}.Release|Any CPU.ActiveCfg = Release|Any CPU
		{ED7355D6-B524-4833-8623-03BDAE3EC904}.Release|Any CPU.Build.0 = Release|Any CPU
		{1494E24F-684A-450D-AC58-5931DF30696A}.Debug|Any CPU.ActiveCfg = Debug|Any CPU
		{1494E24F-684A-450D-AC58-5931DF30696A}.Debug|Any CPU.Build.0 = Debug|Any CPU
		{1494E24F-684A-450D-AC58-5931DF30696A}.Release|Any CPU.ActiveCfg = Release|Any CPU
		{1494E24F-684A-450D-AC58-5931DF30696A}.Release|Any CPU.Build.0 = Release|Any CPU
		{9754191F-58AF-47D7-8289-F4AD8C013C1B}.Debug|Any CPU.ActiveCfg = Debug|Any CPU
		{9754191F-58AF-47D7-8289-F4AD8C013C1B}.Debug|Any CPU.Build.0 = Debug|Any CPU
		{9754191F-58AF-47D7-8289-F4AD8C013C1B}.Release|Any CPU.ActiveCfg = Release|Any CPU
		{9754191F-58AF-47D7-8289-F4AD8C013C1B}.Release|Any CPU.Build.0 = Release|Any CPU
		{ABAAF539-122B-4930-A6DE-DC42DF031225}.Debug|Any CPU.ActiveCfg = Debug|Any CPU
		{ABAAF539-122B-4930-A6DE-DC42DF031225}.Debug|Any CPU.Build.0 = Debug|Any CPU
		{ABAAF539-122B-4930-A6DE-DC42DF031225}.Release|Any CPU.ActiveCfg = Release|Any CPU
		{ABAAF539-122B-4930-A6DE-DC42DF031225}.Release|Any CPU.Build.0 = Release|Any CPU
		{ACA6089D-A49F-4629-AB0A-C1107E60EFDF}.Debug|Any CPU.ActiveCfg = Debug|Any CPU
		{ACA6089D-A49F-4629-AB0A-C1107E60EFDF}.Debug|Any CPU.Build.0 = Debug|Any CPU
		{ACA6089D-A49F-4629-AB0A-C1107E60EFDF}.Release|Any CPU.ActiveCfg = Release|Any CPU
		{ACA6089D-A49F-4629-AB0A-C1107E60EFDF}.Release|Any CPU.Build.0 = Release|Any CPU
		{CCCA1F5C-8BDB-487B-B21D-7E08D1D3B922}.Debug|Any CPU.ActiveCfg = Debug|Any CPU
		{CCCA1F5C-8BDB-487B-B21D-7E08D1D3B922}.Debug|Any CPU.Build.0 = Debug|Any CPU
		{CCCA1F5C-8BDB-487B-B21D-7E08D1D3B922}.Release|Any CPU.ActiveCfg = Release|Any CPU
		{CCCA1F5C-8BDB-487B-B21D-7E08D1D3B922}.Release|Any CPU.Build.0 = Release|Any CPU
		{3AACBD64-ED6F-4BDE-9DC2-D60603F37E2F}.Debug|Any CPU.ActiveCfg = Debug|Any CPU
		{3AACBD64-ED6F-4BDE-9DC2-D60603F37E2F}.Debug|Any CPU.Build.0 = Debug|Any CPU
		{3AACBD64-ED6F-4BDE-9DC2-D60603F37E2F}.Release|Any CPU.ActiveCfg = Release|Any CPU
		{3AACBD64-ED6F-4BDE-9DC2-D60603F37E2F}.Release|Any CPU.Build.0 = Release|Any CPU
		{625FC4B0-C8B3-465B-A08A-D0F7282D1C20}.Debug|Any CPU.ActiveCfg = Debug|Any CPU
		{625FC4B0-C8B3-465B-A08A-D0F7282D1C20}.Debug|Any CPU.Build.0 = Debug|Any CPU
		{625FC4B0-C8B3-465B-A08A-D0F7282D1C20}.Release|Any CPU.ActiveCfg = Release|Any CPU
		{625FC4B0-C8B3-465B-A08A-D0F7282D1C20}.Release|Any CPU.Build.0 = Release|Any CPU
		{31711B60-63CE-49E0-9A28-AA40FB1EC318}.Debug|Any CPU.ActiveCfg = Debug|Any CPU
		{31711B60-63CE-49E0-9A28-AA40FB1EC318}.Debug|Any CPU.Build.0 = Debug|Any CPU
		{31711B60-63CE-49E0-9A28-AA40FB1EC318}.Release|Any CPU.ActiveCfg = Release|Any CPU
		{31711B60-63CE-49E0-9A28-AA40FB1EC318}.Release|Any CPU.Build.0 = Release|Any CPU
		{AC58505B-BD8B-47C1-AB4F-7D19754C9FE5}.Debug|Any CPU.ActiveCfg = Debug|Any CPU
		{AC58505B-BD8B-47C1-AB4F-7D19754C9FE5}.Debug|Any CPU.Build.0 = Debug|Any CPU
		{AC58505B-BD8B-47C1-AB4F-7D19754C9FE5}.Release|Any CPU.ActiveCfg = Release|Any CPU
		{AC58505B-BD8B-47C1-AB4F-7D19754C9FE5}.Release|Any CPU.Build.0 = Release|Any CPU
		{AD0C95D9-ED2C-4CA6-B166-8D6721EA4799}.Debug|Any CPU.ActiveCfg = Debug|Any CPU
		{AD0C95D9-ED2C-4CA6-B166-8D6721EA4799}.Debug|Any CPU.Build.0 = Debug|Any CPU
		{AD0C95D9-ED2C-4CA6-B166-8D6721EA4799}.Release|Any CPU.ActiveCfg = Release|Any CPU
		{AD0C95D9-ED2C-4CA6-B166-8D6721EA4799}.Release|Any CPU.Build.0 = Release|Any CPU
		{B41908D8-006F-4570-92D9-3DF422F650C8}.Debug|Any CPU.ActiveCfg = Debug|Any CPU
		{B41908D8-006F-4570-92D9-3DF422F650C8}.Debug|Any CPU.Build.0 = Debug|Any CPU
		{B41908D8-006F-4570-92D9-3DF422F650C8}.Release|Any CPU.ActiveCfg = Release|Any CPU
		{B41908D8-006F-4570-92D9-3DF422F650C8}.Release|Any CPU.Build.0 = Release|Any CPU
		{53DC4E28-E05B-4FA3-942E-941EEB6EEC26}.Debug|Any CPU.ActiveCfg = Debug|Any CPU
		{53DC4E28-E05B-4FA3-942E-941EEB6EEC26}.Debug|Any CPU.Build.0 = Debug|Any CPU
		{53DC4E28-E05B-4FA3-942E-941EEB6EEC26}.Release|Any CPU.ActiveCfg = Release|Any CPU
		{53DC4E28-E05B-4FA3-942E-941EEB6EEC26}.Release|Any CPU.Build.0 = Release|Any CPU
		{F6FB3B37-D03B-41FE-821A-129753498BFB}.Debug|Any CPU.ActiveCfg = Debug|Any CPU
		{F6FB3B37-D03B-41FE-821A-129753498BFB}.Debug|Any CPU.Build.0 = Debug|Any CPU
		{F6FB3B37-D03B-41FE-821A-129753498BFB}.Release|Any CPU.ActiveCfg = Release|Any CPU
		{F6FB3B37-D03B-41FE-821A-129753498BFB}.Release|Any CPU.Build.0 = Release|Any CPU
		{0CD71A15-60BA-41A8-971E-4D3AADA8284E}.Debug|Any CPU.ActiveCfg = Debug|Any CPU
		{0CD71A15-60BA-41A8-971E-4D3AADA8284E}.Debug|Any CPU.Build.0 = Debug|Any CPU
		{0CD71A15-60BA-41A8-971E-4D3AADA8284E}.Release|Any CPU.ActiveCfg = Release|Any CPU
		{0CD71A15-60BA-41A8-971E-4D3AADA8284E}.Release|Any CPU.Build.0 = Release|Any CPU
		{CD88AF85-F4B8-5BFD-E6B9-A239C6D2A4B5}.Debug|Any CPU.ActiveCfg = Debug|Any CPU
		{CD88AF85-F4B8-5BFD-E6B9-A239C6D2A4B5}.Debug|Any CPU.Build.0 = Debug|Any CPU
		{CD88AF85-F4B8-5BFD-E6B9-A239C6D2A4B5}.Release|Any CPU.ActiveCfg = Release|Any CPU
		{CD88AF85-F4B8-5BFD-E6B9-A239C6D2A4B5}.Release|Any CPU.Build.0 = Release|Any CPU
		{5A284B87-2454-4D8F-93F6-4702A347DE98}.Debug|Any CPU.ActiveCfg = Debug|Any CPU
		{5A284B87-2454-4D8F-93F6-4702A347DE98}.Debug|Any CPU.Build.0 = Debug|Any CPU
		{5A284B87-2454-4D8F-93F6-4702A347DE98}.Release|Any CPU.ActiveCfg = Release|Any CPU
		{5A284B87-2454-4D8F-93F6-4702A347DE98}.Release|Any CPU.Build.0 = Release|Any CPU
		{50A64A00-CF54-D2C1-2FCB-CD96668A27DD}.Debug|Any CPU.ActiveCfg = Debug|Any CPU
		{50A64A00-CF54-D2C1-2FCB-CD96668A27DD}.Debug|Any CPU.Build.0 = Debug|Any CPU
		{50A64A00-CF54-D2C1-2FCB-CD96668A27DD}.Release|Any CPU.ActiveCfg = Release|Any CPU
		{50A64A00-CF54-D2C1-2FCB-CD96668A27DD}.Release|Any CPU.Build.0 = Release|Any CPU
	EndGlobalSection
	GlobalSection(SolutionProperties) = preSolution
		HideSolutionNode = FALSE
	EndGlobalSection
	GlobalSection(NestedProjects) = preSolution
		{763441AF-4A52-478A-899F-DD619707FA2E} = {97C7CD0C-457F-4439-B1CE-0A524B391FBC}
		{ED7355D6-B524-4833-8623-03BDAE3EC904} = {97C7CD0C-457F-4439-B1CE-0A524B391FBC}
		{1494E24F-684A-450D-AC58-5931DF30696A} = {97C7CD0C-457F-4439-B1CE-0A524B391FBC}
		{9754191F-58AF-47D7-8289-F4AD8C013C1B} = {97C7CD0C-457F-4439-B1CE-0A524B391FBC}
		{ABAAF539-122B-4930-A6DE-DC42DF031225} = {97C7CD0C-457F-4439-B1CE-0A524B391FBC}
		{ACA6089D-A49F-4629-AB0A-C1107E60EFDF} = {97C7CD0C-457F-4439-B1CE-0A524B391FBC}
		{CCCA1F5C-8BDB-487B-B21D-7E08D1D3B922} = {97C7CD0C-457F-4439-B1CE-0A524B391FBC}
		{3AACBD64-ED6F-4BDE-9DC2-D60603F37E2F} = {97C7CD0C-457F-4439-B1CE-0A524B391FBC}
		{625FC4B0-C8B3-465B-A08A-D0F7282D1C20} = {97C7CD0C-457F-4439-B1CE-0A524B391FBC}
		{31711B60-63CE-49E0-9A28-AA40FB1EC318} = {97C7CD0C-457F-4439-B1CE-0A524B391FBC}
		{AC58505B-BD8B-47C1-AB4F-7D19754C9FE5} = {97C7CD0C-457F-4439-B1CE-0A524B391FBC}
		{AD0C95D9-ED2C-4CA6-B166-8D6721EA4799} = {97C7CD0C-457F-4439-B1CE-0A524B391FBC}
		{B41908D8-006F-4570-92D9-3DF422F650C8} = {97C7CD0C-457F-4439-B1CE-0A524B391FBC}
		{53DC4E28-E05B-4FA3-942E-941EEB6EEC26} = {97C7CD0C-457F-4439-B1CE-0A524B391FBC}
		{F6FB3B37-D03B-41FE-821A-129753498BFB} = {97C7CD0C-457F-4439-B1CE-0A524B391FBC}
		{0CD71A15-60BA-41A8-971E-4D3AADA8284E} = {97C7CD0C-457F-4439-B1CE-0A524B391FBC}
		{CD88AF85-F4B8-5BFD-E6B9-A239C6D2A4B5} = {97C7CD0C-457F-4439-B1CE-0A524B391FBC}
		{5A284B87-2454-4D8F-93F6-4702A347DE98} = {97C7CD0C-457F-4439-B1CE-0A524B391FBC}
		{50A64A00-CF54-D2C1-2FCB-CD96668A27DD} = {97C7CD0C-457F-4439-B1CE-0A524B391FBC}
	EndGlobalSection
	GlobalSection(ExtensibilityGlobals) = postSolution
		SolutionGuid = {7DED2E2E-A009-4B14-9ACC-73D803EC810B}
	EndGlobalSection
EndGlobal
