
Microsoft Visual Studio Solution File, Format Version 12.00
# Visual Studio Version 17
VisualStudioVersion = 17.11.35208.52
MinimumVisualStudioVersion = 10.0.40219.1
Project("{9A19103F-16F7-4668-BE54-9A1E7A4F7556}") = "backend-ofertas", "backend-ofertas\backend-ofertas.csproj", "{66CC3ECA-2C5D-48A3-8418-75BA82565E66}"
EndProject
Project("{2150E333-8FDC-42A3-9474-1A3956D46DE8}") = "RHNugets", "RHNugets", "{97C7CD0C-457F-4439-B1CE-0A524B391FBC}"
EndProject
Project("{9A19103F-16F7-4668-BE54-9A1E7A4F7556}") = "RFAuth", "..\rh-nugets\RFAuth\RFAuth.csproj", "{763441AF-4A52-478A-899F-DD619707FA2E}"
EndProject
Project("{9A19103F-16F7-4668-BE54-9A1E7A4F7556}") = "RFAuthDapper", "..\rh-nugets\RFAuthDapper\RFAuthDapper.csproj", "{ED7355D6-B524-4833-8623-03BDAE3EC904}"
EndProject
Project("{9A19103F-16F7-4668-BE54-9A1E7A4F7556}") = "RFDapper", "..\rh-nugets\RFDapper\RFDapper.csproj", "{1494E24F-684A-450D-AC58-5931DF30696A}"
EndProject
Project("{9A19103F-16F7-4668-BE54-9A1E7A4F7556}") = "RFHttpAction", "..\rh-nugets\RFHttpAction\RFHttpAction.csproj", "{9754191F-58AF-47D7-8289-F4AD8C013C1B}"
EndProject
Project("{9A19103F-16F7-4668-BE54-9A1E7A4F7556}") = "RFHttpActionDapper", "..\rh-nugets\RFHttpActionDapper\RFHttpActionDapper.csproj", "{ABAAF539-122B-4930-A6DE-DC42DF031225}"
EndProject
Project("{9A19103F-16F7-4668-BE54-9A1E7A4F7556}") = "RFRegister", "..\rh-nugets\RFRegister\RFRegister.csproj", "{ACA6089D-A49F-4629-AB0A-C1107E60EFDF}"
EndProject
Project("{9A19103F-16F7-4668-BE54-9A1E7A4F7556}") = "RFService", "..\rh-nugets\RFService\RFService.csproj", "{CCCA1F5C-8BDB-487B-B21D-7E08D1D3B922}"
EndProject
Project("{9A19103F-16F7-4668-BE54-9A1E7A4F7556}") = "RFUserEmail", "..\rh-nugets\RFUserEmail\RFUserEmail.csproj", "{3AACBD64-ED6F-4BDE-9DC2-D60603F37E2F}"
EndProject
Project("{9A19103F-16F7-4668-BE54-9A1E7A4F7556}") = "RFUserEmailDapper", "..\rh-nugets\RFUserEmailDapper\RFUserEmailDapper.csproj", "{625FC4B0-C8B3-465B-A08A-D0F7282D1C20}"
EndProject
Project("{9A19103F-16F7-4668-BE54-9A1E7A4F7556}") = "RFRBAC", "..\rh-nugets\RFRBAC\RFRBAC.csproj", "{31711B60-63CE-49E0-9A28-AA40FB1EC318}"
EndProject
Global
	GlobalSection(SolutionConfigurationPlatforms) = preSolution
		Debug|Any CPU = Debug|Any CPU
		Release|Any CPU = Release|Any CPU
	EndGlobalSection
	GlobalSection(ProjectConfigurationPlatforms) = postSolution
		{66CC3ECA-2C5D-48A3-8418-75BA82565E66}.Debug|Any CPU.ActiveCfg = Debug|Any CPU
		{66CC3ECA-2C5D-48A3-8418-75BA82565E66}.Debug|Any CPU.Build.0 = Debug|Any CPU
		{66CC3ECA-2C5D-48A3-8418-75BA82565E66}.Release|Any CPU.ActiveCfg = Release|Any CPU
		{66CC3ECA-2C5D-48A3-8418-75BA82565E66}.Release|Any CPU.Build.0 = Release|Any CPU
		{763441AF-4A52-478A-899F-DD619707FA2E}.Debug|Any CPU.ActiveCfg = Debug|Any CPU
		{763441AF-4A52-478A-899F-DD619707FA2E}.Debug|Any CPU.Build.0 = Debug|Any CPU
		{763441AF-4A52-478A-899F-DD619707FA2E}.Release|Any CPU.ActiveCfg = Release|Any CPU
		{763441AF-4A52-478A-899F-DD619707FA2E}.Release|Any CPU.Build.0 = Release|Any CPU
		{ED7355D6-B524-4833-8623-03BDAE3EC904}.Debug|Any CPU.ActiveCfg = Debug|Any CPU
		{ED7355D6-B524-4833-8623-03BDAE3EC904}.Debug|Any CPU.Build.0 = Debug|Any CPU
		{ED7355D6-B524-4833-8623-03BDAE3EC904}.Release|Any CPU.ActiveCfg = Release|Any CPU
		{ED7355D6-B524-4833-8623-03BDAE3EC904}.Release|Any CPU.Build.0 = Release|Any CPU
		{1494E24F-684A-450D-AC58-5931DF30696A}.Debug|Any CPU.ActiveCfg = Debug|Any CPU
		{1494E24F-684A-450D-AC58-5931DF30696A}.Debug|Any CPU.Build.0 = Debug|Any CPU
		{1494E24F-684A-450D-AC58-5931DF30696A}.Release|Any CPU.ActiveCfg = Release|Any CPU
		{1494E24F-684A-450D-AC58-5931DF30696A}.Release|Any CPU.Build.0 = Release|Any CPU
		{9754191F-58AF-47D7-8289-F4AD8C013C1B}.Debug|Any CPU.ActiveCfg = Debug|Any CPU
		{9754191F-58AF-47D7-8289-F4AD8C013C1B}.Debug|Any CPU.Build.0 = Debug|Any CPU
		{9754191F-58AF-47D7-8289-F4AD8C013C1B}.Release|Any CPU.ActiveCfg = Release|Any CPU
		{9754191F-58AF-47D7-8289-F4AD8C013C1B}.Release|Any CPU.Build.0 = Release|Any CPU
		{ABAAF539-122B-4930-A6DE-DC42DF031225}.Debug|Any CPU.ActiveCfg = Debug|Any CPU
		{ABAAF539-122B-4930-A6DE-DC42DF031225}.Debug|Any CPU.Build.0 = Debug|Any CPU
		{ABAAF539-122B-4930-A6DE-DC42DF031225}.Release|Any CPU.ActiveCfg = Release|Any CPU
		{ABAAF539-122B-4930-A6DE-DC42DF031225}.Release|Any CPU.Build.0 = Release|Any CPU
		{ACA6089D-A49F-4629-AB0A-C1107E60EFDF}.Debug|Any CPU.ActiveCfg = Debug|Any CPU
		{ACA6089D-A49F-4629-AB0A-C1107E60EFDF}.Debug|Any CPU.Build.0 = Debug|Any CPU
		{ACA6089D-A49F-4629-AB0A-C1107E60EFDF}.Release|Any CPU.ActiveCfg = Release|Any CPU
		{ACA6089D-A49F-4629-AB0A-C1107E60EFDF}.Release|Any CPU.Build.0 = Release|Any CPU
		{CCCA1F5C-8BDB-487B-B21D-7E08D1D3B922}.Debug|Any CPU.ActiveCfg = Debug|Any CPU
		{CCCA1F5C-8BDB-487B-B21D-7E08D1D3B922}.Debug|Any CPU.Build.0 = Debug|Any CPU
		{CCCA1F5C-8BDB-487B-B21D-7E08D1D3B922}.Release|Any CPU.ActiveCfg = Release|Any CPU
		{CCCA1F5C-8BDB-487B-B21D-7E08D1D3B922}.Release|Any CPU.Build.0 = Release|Any CPU
		{3AACBD64-ED6F-4BDE-9DC2-D60603F37E2F}.Debug|Any CPU.ActiveCfg = Debug|Any CPU
		{3AACBD64-ED6F-4BDE-9DC2-D60603F37E2F}.Debug|Any CPU.Build.0 = Debug|Any CPU
		{3AACBD64-ED6F-4BDE-9DC2-D60603F37E2F}.Release|Any CPU.ActiveCfg = Release|Any CPU
		{3AACBD64-ED6F-4BDE-9DC2-D60603F37E2F}.Release|Any CPU.Build.0 = Release|Any CPU
		{625FC4B0-C8B3-465B-A08A-D0F7282D1C20}.Debug|Any CPU.ActiveCfg = Debug|Any CPU
		{625FC4B0-C8B3-465B-A08A-D0F7282D1C20}.Debug|Any CPU.Build.0 = Debug|Any CPU
		{625FC4B0-C8B3-465B-A08A-D0F7282D1C20}.Release|Any CPU.ActiveCfg = Release|Any CPU
		{625FC4B0-C8B3-465B-A08A-D0F7282D1C20}.Release|Any CPU.Build.0 = Release|Any CPU
		{31711B60-63CE-49E0-9A28-AA40FB1EC318}.Debug|Any CPU.ActiveCfg = Debug|Any CPU
		{31711B60-63CE-49E0-9A28-AA40FB1EC318}.Debug|Any CPU.Build.0 = Debug|Any CPU
		{31711B60-63CE-49E0-9A28-AA40FB1EC318}.Release|Any CPU.ActiveCfg = Release|Any CPU
		{31711B60-63CE-49E0-9A28-AA40FB1EC318}.Release|Any CPU.Build.0 = Release|Any CPU
	EndGlobalSection
	GlobalSection(SolutionProperties) = preSolution
		HideSolutionNode = FALSE
	EndGlobalSection
	GlobalSection(NestedProjects) = preSolution
		{763441AF-4A52-478A-899F-DD619707FA2E} = {97C7CD0C-457F-4439-B1CE-0A524B391FBC}
		{ED7355D6-B524-4833-8623-03BDAE3EC904} = {97C7CD0C-457F-4439-B1CE-0A524B391FBC}
		{1494E24F-684A-450D-AC58-5931DF30696A} = {97C7CD0C-457F-4439-B1CE-0A524B391FBC}
		{9754191F-58AF-47D7-8289-F4AD8C013C1B} = {97C7CD0C-457F-4439-B1CE-0A524B391FBC}
		{ABAAF539-122B-4930-A6DE-DC42DF031225} = {97C7CD0C-457F-4439-B1CE-0A524B391FBC}
		{ACA6089D-A49F-4629-AB0A-C1107E60EFDF} = {97C7CD0C-457F-4439-B1CE-0A524B391FBC}
		{CCCA1F5C-8BDB-487B-B21D-7E08D1D3B922} = {97C7CD0C-457F-4439-B1CE-0A524B391FBC}
		{3AACBD64-ED6F-4BDE-9DC2-D60603F37E2F} = {97C7CD0C-457F-4439-B1CE-0A524B391FBC}
		{625FC4B0-C8B3-465B-A08A-D0F7282D1C20} = {97C7CD0C-457F-4439-B1CE-0A524B391FBC}
		{31711B60-63CE-49E0-9A28-AA40FB1EC318} = {97C7CD0C-457F-4439-B1CE-0A524B391FBC}
	EndGlobalSection
	GlobalSection(ExtensibilityGlobals) = postSolution
		SolutionGuid = {7DED2E2E-A009-4B14-9ACC-73D803EC810B}
	EndGlobalSection
EndGlobal
