
Microsoft Visual Studio Solution File, Format Version 12.00
# Visual Studio Version 17
VisualStudioVersion = 17.11.35208.52
MinimumVisualStudioVersion = 10.0.40219.1
Project("{9A19103F-16F7-4668-BE54-9A1E7A4F7556}") = "backend-buygi", ".\backend-buygi\backend-buygi.csproj", "{66CC3ECA-2C5D-48A3-8418-75BA82565E66}"
EndProject
Project("{FAE04EC0-301F-11D3-BF4B-00C04F79EFBC}") = "RFService", ".\RFService\RFService.csproj", "{3A5E6B3F-1A1A-4E65-BD04-1B9C8BABCBA1}"
EndProject
Project("{FAE04EC0-301F-11D3-BF4B-00C04F79EFBC}") = "RFAuth", ".\RFAuth\RFAuth.csproj", "{BC9056D9-4AE2-484D-BB81-FA25228AED2B}"
EndProject
Project("{FAE04EC0-301F-11D3-BF4B-00C04F79EFBC}") = "RFDapper", ".\RFDapper\RFDapper.csproj", "{A3B71AE4-6A44-40AD-B7A6-21630AAFBF77}"
EndProject
Project("{FAE04EC0-301F-11D3-BF4B-00C04F79EFBC}") = "RFAuthDapper", ".\RFAuthDapper\RFAuthDapper.csproj", "{0B6C4952-83E4-4F3B-920A-D4A5246442EA}"
EndProject
Global
	GlobalSection(SolutionConfigurationPlatforms) = preSolution
		Debug|Any CPU = Debug|Any CPU
		Release|Any CPU = Release|Any CPU
	EndGlobalSection
	GlobalSection(ProjectConfigurationPlatforms) = postSolution
		{66CC3ECA-2C5D-48A3-8418-75BA82565E66}.Debug|Any CPU.ActiveCfg = Debug|Any CPU
		{66CC3ECA-2C5D-48A3-8418-75BA82565E66}.Debug|Any CPU.Build.0 = Debug|Any CPU
		{66CC3ECA-2C5D-48A3-8418-75BA82565E66}.Release|Any CPU.ActiveCfg = Release|Any CPU
		{66CC3ECA-2C5D-48A3-8418-75BA82565E66}.Release|Any CPU.Build.0 = Release|Any CPU
		{3A5E6B3F-1A1A-4E65-BD04-1B9C8BABCBA1}.Debug|Any CPU.ActiveCfg = Debug|Any CPU
		{3A5E6B3F-1A1A-4E65-BD04-1B9C8BABCBA1}.Debug|Any CPU.Build.0 = Debug|Any CPU
		{3A5E6B3F-1A1A-4E65-BD04-1B9C8BABCBA1}.Release|Any CPU.ActiveCfg = Release|Any CPU
		{3A5E6B3F-1A1A-4E65-BD04-1B9C8BABCBA1}.Release|Any CPU.Build.0 = Release|Any CPU
		{BC9056D9-4AE2-484D-BB81-FA25228AED2B}.Debug|Any CPU.ActiveCfg = Debug|Any CPU
		{BC9056D9-4AE2-484D-BB81-FA25228AED2B}.Debug|Any CPU.Build.0 = Debug|Any CPU
		{BC9056D9-4AE2-484D-BB81-FA25228AED2B}.Release|Any CPU.ActiveCfg = Release|Any CPU
		{BC9056D9-4AE2-484D-BB81-FA25228AED2B}.Release|Any CPU.Build.0 = Release|Any CPU
		{A3B71AE4-6A44-40AD-B7A6-21630AAFBF77}.Debug|Any CPU.ActiveCfg = Debug|Any CPU
		{A3B71AE4-6A44-40AD-B7A6-21630AAFBF77}.Debug|Any CPU.Build.0 = Debug|Any CPU
		{A3B71AE4-6A44-40AD-B7A6-21630AAFBF77}.Release|Any CPU.ActiveCfg = Release|Any CPU
		{A3B71AE4-6A44-40AD-B7A6-21630AAFBF77}.Release|Any CPU.Build.0 = Release|Any CPU
		{0B6C4952-83E4-4F3B-920A-D4A5246442EA}.Debug|Any CPU.ActiveCfg = Debug|Any CPU
		{0B6C4952-83E4-4F3B-920A-D4A5246442EA}.Debug|Any CPU.Build.0 = Debug|Any CPU
		{0B6C4952-83E4-4F3B-920A-D4A5246442EA}.Release|Any CPU.ActiveCfg = Release|Any CPU
		{0B6C4952-83E4-4F3B-920A-D4A5246442EA}.Release|Any CPU.Build.0 = Release|Any CPU
	EndGlobalSection
	GlobalSection(SolutionProperties) = preSolution
		HideSolutionNode = FALSE
	EndGlobalSection
	GlobalSection(ExtensibilityGlobals) = postSolution
		SolutionGuid = {7DED2E2E-A009-4B14-9ACC-73D803EC810B}
	EndGlobalSection
EndGlobal
